
Microsoft Visual Studio Solution File, Format Version 12.00
# Visual Studio 2012
Project("{FAE04EC0-301F-11D3-BF4B-00C04F79EFBC}") = "FcsGFS", "FcsGFS\FcsGFS.csproj", "{AEC274B1-647F-49E7-971D-205F2ED1BEAF}"
EndProject
Project("{FAE04EC0-301F-11D3-BF4B-00C04F79EFBC}") = "Meta", "..\..\Meta\Meta.csproj", "{9FF17C08-FFD4-40FB-A371-C5907B7B4D27}"
EndProject
Project("{FAE04EC0-301F-11D3-BF4B-00C04F79EFBC}") = "MetaDAL", "..\..\MetaDAL\MetaDAL.csproj", "{73194647-7254-44FE-86A1-97AAF2B47F88}"
EndProject
Project("{FAE04EC0-301F-11D3-BF4B-00C04F79EFBC}") = "Data", "..\..\Data\Data.csproj", "{38258D30-AE31-4A2B-A22B-65F39F136BFC}"
EndProject
Project("{FAE04EC0-301F-11D3-BF4B-00C04F79EFBC}") = "DataDAL", "..\..\DataDAL\DataDAL.csproj", "{7372CB1E-D1A2-4021-813D-0D02C1271A8C}"
EndProject
Project("{2150E333-8FDC-42A3-9474-1A3956D46DE8}") = "Sakura", "Sakura", "{0BD6803A-A826-4413-9FA7-856E544AC14B}"
EndProject
Project("{2150E333-8FDC-42A3-9474-1A3956D46DE8}") = "Amur", "Amur", "{FBB3D467-75E5-4B2C-8851-4753F1EF3253}"
EndProject
Project("{FAE04EC0-301F-11D3-BF4B-00C04F79EFBC}") = "Common", "..\..\Common\Common.csproj", "{31660004-130A-4001-A6D0-F8209EE3A3E6}"
EndProject
Project("{FAE04EC0-301F-11D3-BF4B-00C04F79EFBC}") = "Common", "..\..\..\..\Sakura\Common\Common\Common.csproj", "{B2667863-2447-45D2-A82C-452624B24944}"
EndProject
Project("{FAE04EC0-301F-11D3-BF4B-00C04F79EFBC}") = "DataClasses", "..\..\..\..\Sakura\Common\DataClasses\DataClasses.csproj", "{6A4F56BD-9185-4505-8557-E832749A004B}"
EndProject
Project("{FAE04EC0-301F-11D3-BF4B-00C04F79EFBC}") = "FileGrib2", "..\..\..\..\Sakura\Db\FileGrib2\FileGrib2.csproj", "{35CE9221-87D3-4B5E-9761-88B87EDC1CEB}"
EndProject
Project("{FAE04EC0-301F-11D3-BF4B-00C04F79EFBC}") = "Geo", "..\..\..\..\Sakura\Common\Geo\Geo.csproj", "{C926F507-CDF3-4C95-B5EC-8181BAC17E46}"
EndProject
Project("{FAE04EC0-301F-11D3-BF4B-00C04F79EFBC}") = "GribExport", "..\..\..\..\Sakura\App\GribExport\GribExport.csproj", "{90A1C083-747E-4C10-B4A6-0A11DAA05A07}"
EndProject
Global
	GlobalSection(SolutionConfigurationPlatforms) = preSolution
		Debug|Any CPU = Debug|Any CPU
		Release|Any CPU = Release|Any CPU
	EndGlobalSection
	GlobalSection(ProjectConfigurationPlatforms) = postSolution
		{AEC274B1-647F-49E7-971D-205F2ED1BEAF}.Debug|Any CPU.ActiveCfg = Debug|Any CPU
		{AEC274B1-647F-49E7-971D-205F2ED1BEAF}.Debug|Any CPU.Build.0 = Debug|Any CPU
		{AEC274B1-647F-49E7-971D-205F2ED1BEAF}.Release|Any CPU.ActiveCfg = Release|Any CPU
		{AEC274B1-647F-49E7-971D-205F2ED1BEAF}.Release|Any CPU.Build.0 = Release|Any CPU
		{9FF17C08-FFD4-40FB-A371-C5907B7B4D27}.Debug|Any CPU.ActiveCfg = Debug|Any CPU
		{9FF17C08-FFD4-40FB-A371-C5907B7B4D27}.Debug|Any CPU.Build.0 = Debug|Any CPU
		{9FF17C08-FFD4-40FB-A371-C5907B7B4D27}.Release|Any CPU.ActiveCfg = Release|Any CPU
		{9FF17C08-FFD4-40FB-A371-C5907B7B4D27}.Release|Any CPU.Build.0 = Release|Any CPU
		{73194647-7254-44FE-86A1-97AAF2B47F88}.Debug|Any CPU.ActiveCfg = Debug|Any CPU
		{73194647-7254-44FE-86A1-97AAF2B47F88}.Debug|Any CPU.Build.0 = Debug|Any CPU
		{73194647-7254-44FE-86A1-97AAF2B47F88}.Release|Any CPU.ActiveCfg = Release|Any CPU
		{73194647-7254-44FE-86A1-97AAF2B47F88}.Release|Any CPU.Build.0 = Release|Any CPU
		{38258D30-AE31-4A2B-A22B-65F39F136BFC}.Debug|Any CPU.ActiveCfg = Debug|Any CPU
		{38258D30-AE31-4A2B-A22B-65F39F136BFC}.Debug|Any CPU.Build.0 = Debug|Any CPU
		{38258D30-AE31-4A2B-A22B-65F39F136BFC}.Release|Any CPU.ActiveCfg = Release|Any CPU
		{38258D30-AE31-4A2B-A22B-65F39F136BFC}.Release|Any CPU.Build.0 = Release|Any CPU
		{7372CB1E-D1A2-4021-813D-0D02C1271A8C}.Debug|Any CPU.ActiveCfg = Debug|Any CPU
		{7372CB1E-D1A2-4021-813D-0D02C1271A8C}.Debug|Any CPU.Build.0 = Debug|Any CPU
		{7372CB1E-D1A2-4021-813D-0D02C1271A8C}.Release|Any CPU.ActiveCfg = Release|Any CPU
		{7372CB1E-D1A2-4021-813D-0D02C1271A8C}.Release|Any CPU.Build.0 = Release|Any CPU
		{31660004-130A-4001-A6D0-F8209EE3A3E6}.Debug|Any CPU.ActiveCfg = Debug|Any CPU
		{31660004-130A-4001-A6D0-F8209EE3A3E6}.Debug|Any CPU.Build.0 = Debug|Any CPU
		{31660004-130A-4001-A6D0-F8209EE3A3E6}.Release|Any CPU.ActiveCfg = Release|Any CPU
		{31660004-130A-4001-A6D0-F8209EE3A3E6}.Release|Any CPU.Build.0 = Release|Any CPU
		{B2667863-2447-45D2-A82C-452624B24944}.Debug|Any CPU.ActiveCfg = Debug|Any CPU
		{B2667863-2447-45D2-A82C-452624B24944}.Debug|Any CPU.Build.0 = Debug|Any CPU
		{B2667863-2447-45D2-A82C-452624B24944}.Release|Any CPU.ActiveCfg = Release|Any CPU
		{B2667863-2447-45D2-A82C-452624B24944}.Release|Any CPU.Build.0 = Release|Any CPU
		{6A4F56BD-9185-4505-8557-E832749A004B}.Debug|Any CPU.ActiveCfg = Debug|Any CPU
		{6A4F56BD-9185-4505-8557-E832749A004B}.Debug|Any CPU.Build.0 = Debug|Any CPU
		{6A4F56BD-9185-4505-8557-E832749A004B}.Release|Any CPU.ActiveCfg = Release|Any CPU
		{6A4F56BD-9185-4505-8557-E832749A004B}.Release|Any CPU.Build.0 = Release|Any CPU
		{35CE9221-87D3-4B5E-9761-88B87EDC1CEB}.Debug|Any CPU.ActiveCfg = Debug|Any CPU
		{35CE9221-87D3-4B5E-9761-88B87EDC1CEB}.Debug|Any CPU.Build.0 = Debug|Any CPU
		{35CE9221-87D3-4B5E-9761-88B87EDC1CEB}.Release|Any CPU.ActiveCfg = Release|Any CPU
		{35CE9221-87D3-4B5E-9761-88B87EDC1CEB}.Release|Any CPU.Build.0 = Release|Any CPU
		{C926F507-CDF3-4C95-B5EC-8181BAC17E46}.Debug|Any CPU.ActiveCfg = Debug|Any CPU
		{C926F507-CDF3-4C95-B5EC-8181BAC17E46}.Debug|Any CPU.Build.0 = Debug|Any CPU
		{C926F507-CDF3-4C95-B5EC-8181BAC17E46}.Release|Any CPU.ActiveCfg = Release|Any CPU
		{C926F507-CDF3-4C95-B5EC-8181BAC17E46}.Release|Any CPU.Build.0 = Release|Any CPU
		{90A1C083-747E-4C10-B4A6-0A11DAA05A07}.Debug|Any CPU.ActiveCfg = Debug|Any CPU
		{90A1C083-747E-4C10-B4A6-0A11DAA05A07}.Debug|Any CPU.Build.0 = Debug|Any CPU
		{90A1C083-747E-4C10-B4A6-0A11DAA05A07}.Release|Any CPU.ActiveCfg = Release|Any CPU
		{90A1C083-747E-4C10-B4A6-0A11DAA05A07}.Release|Any CPU.Build.0 = Release|Any CPU
	EndGlobalSection
	GlobalSection(SolutionProperties) = preSolution
		HideSolutionNode = FALSE
	EndGlobalSection
	GlobalSection(NestedProjects) = preSolution
		{B2667863-2447-45D2-A82C-452624B24944} = {0BD6803A-A826-4413-9FA7-856E544AC14B}
		{6A4F56BD-9185-4505-8557-E832749A004B} = {0BD6803A-A826-4413-9FA7-856E544AC14B}
		{35CE9221-87D3-4B5E-9761-88B87EDC1CEB} = {0BD6803A-A826-4413-9FA7-856E544AC14B}
		{C926F507-CDF3-4C95-B5EC-8181BAC17E46} = {0BD6803A-A826-4413-9FA7-856E544AC14B}
		{90A1C083-747E-4C10-B4A6-0A11DAA05A07} = {0BD6803A-A826-4413-9FA7-856E544AC14B}
		{73194647-7254-44FE-86A1-97AAF2B47F88} = {FBB3D467-75E5-4B2C-8851-4753F1EF3253}
		{38258D30-AE31-4A2B-A22B-65F39F136BFC} = {FBB3D467-75E5-4B2C-8851-4753F1EF3253}
		{7372CB1E-D1A2-4021-813D-0D02C1271A8C} = {FBB3D467-75E5-4B2C-8851-4753F1EF3253}
		{9FF17C08-FFD4-40FB-A371-C5907B7B4D27} = {FBB3D467-75E5-4B2C-8851-4753F1EF3253}
		{31660004-130A-4001-A6D0-F8209EE3A3E6} = {FBB3D467-75E5-4B2C-8851-4753F1EF3253}
	EndGlobalSection
EndGlobal
