
Microsoft Visual Studio Solution File, Format Version 12.00
# Visual Studio 15
VisualStudioVersion = 15.0.28307.106
MinimumVisualStudioVersion = 10.0.40219.1
Project("{FAE04EC0-301F-11D3-BF4B-00C04F79EFBC}") = "Amur.Import.GISMeteo", "Amur.Import.GISMeteo.csproj", "{73581D79-F154-4117-AA1F-7573EFCD4718}"
EndProject
Project("{FAE04EC0-301F-11D3-BF4B-00C04F79EFBC}") = "Common", "..\..\Common\Common.csproj", "{31660004-130A-4001-A6D0-F8209EE3A3E6}"
EndProject
Project("{FAE04EC0-301F-11D3-BF4B-00C04F79EFBC}") = "GISMeteoDAL", "..\GISMeteoDAL\GISMeteoDAL.csproj", "{FB18DD70-50F8-4FC7-B0EA-7F53ADB092E1}"
EndProject
Global
	GlobalSection(SolutionConfigurationPlatforms) = preSolution
		Debug|Any CPU = Debug|Any CPU
		Release|Any CPU = Release|Any CPU
	EndGlobalSection
	GlobalSection(ProjectConfigurationPlatforms) = postSolution
		{73581D79-F154-4117-AA1F-7573EFCD4718}.Debug|Any CPU.ActiveCfg = Debug|Any CPU
		{73581D79-F154-4117-AA1F-7573EFCD4718}.Debug|Any CPU.Build.0 = Debug|Any CPU
		{73581D79-F154-4117-AA1F-7573EFCD4718}.Release|Any CPU.ActiveCfg = Release|Any CPU
		{73581D79-F154-4117-AA1F-7573EFCD4718}.Release|Any CPU.Build.0 = Release|Any CPU
		{31660004-130A-4001-A6D0-F8209EE3A3E6}.Debug|Any CPU.ActiveCfg = Debug|Any CPU
		{31660004-130A-4001-A6D0-F8209EE3A3E6}.Debug|Any CPU.Build.0 = Debug|Any CPU
		{31660004-130A-4001-A6D0-F8209EE3A3E6}.Release|Any CPU.ActiveCfg = Release|Any CPU
		{31660004-130A-4001-A6D0-F8209EE3A3E6}.Release|Any CPU.Build.0 = Release|Any CPU
		{FB18DD70-50F8-4FC7-B0EA-7F53ADB092E1}.Debug|Any CPU.ActiveCfg = Debug|Any CPU
		{FB18DD70-50F8-4FC7-B0EA-7F53ADB092E1}.Debug|Any CPU.Build.0 = Debug|Any CPU
		{FB18DD70-50F8-4FC7-B0EA-7F53ADB092E1}.Release|Any CPU.ActiveCfg = Release|Any CPU
		{FB18DD70-50F8-4FC7-B0EA-7F53ADB092E1}.Release|Any CPU.Build.0 = Release|Any CPU
	EndGlobalSection
	GlobalSection(SolutionProperties) = preSolution
		HideSolutionNode = FALSE
	EndGlobalSection
	GlobalSection(ExtensibilityGlobals) = postSolution
		SolutionGuid = {791DBF11-9AA5-41DF-9ABF-B389EAE0A740}
	EndGlobalSection
EndGlobal
