
Microsoft Visual Studio Solution File, Format Version 12.00
# Visual Studio 2012
Project("{FAE04EC0-301F-11D3-BF4B-00C04F79EFBC}") = "Meta", "..\Meta\Meta.csproj", "{9FF17C08-FFD4-40FB-A371-C5907B7B4D27}"
EndProject
Project("{2150E333-8FDC-42A3-9474-1A3956D46DE8}") = "AmurPg", "AmurPg", "{A10AC679-7D86-4F24-92BF-BCB134B209FD}"
EndProject
Project("{2150E333-8FDC-42A3-9474-1A3956D46DE8}") = "AmurMS", "AmurMS", "{F98B31AD-7F64-48BC-B994-EA0F6572307E}"
EndProject
Project("{FAE04EC0-301F-11D3-BF4B-00C04F79EFBC}") = "MetaDAL", "..\MetaDAL\MetaDAL.csproj", "{73194647-7254-44FE-86A1-97AAF2B47F88}"
EndProject
Project("{FAE04EC0-301F-11D3-BF4B-00C04F79EFBC}") = "Data", "..\Data\Data.csproj", "{38258D30-AE31-4A2B-A22B-65F39F136BFC}"
EndProject
Project("{FAE04EC0-301F-11D3-BF4B-00C04F79EFBC}") = "DataDAL", "..\DataDAL\DataDAL.csproj", "{7372CB1E-D1A2-4021-813D-0D02C1271A8C}"
EndProject
Project("{FAE04EC0-301F-11D3-BF4B-00C04F79EFBC}") = "WP_ImportMSSQL2Postgres", "ImportMSSQL2Postgres\WP_ImportMSSQL2Postgres.csproj", "{7E4145A3-F3B0-4C13-A3F5-D7DEFE902DF7}"
EndProject
Project("{FAE04EC0-301F-11D3-BF4B-00C04F79EFBC}") = "Common", "..\Common\Common.csproj", "{31660004-130A-4001-A6D0-F8209EE3A3E6}"
EndProject
Project("{FAE04EC0-301F-11D3-BF4B-00C04F79EFBC}") = "Common", "..\..\FERHRI.Amur.MS\Common\Common.csproj", "{D356B5C4-80EB-473B-BA11-CC9F9A3589A4}"
EndProject
Project("{FAE04EC0-301F-11D3-BF4B-00C04F79EFBC}") = "MetaDataBL", "..\..\FERHRI.Amur.MS\MetaDataBL\MetaDataBL.csproj", "{B66D7DE0-F7B7-4C4D-A493-13BF8946C9E7}"
EndProject
Global
	GlobalSection(SolutionConfigurationPlatforms) = preSolution
		Debug|Any CPU = Debug|Any CPU
		Release|Any CPU = Release|Any CPU
	EndGlobalSection
	GlobalSection(ProjectConfigurationPlatforms) = postSolution
		{9FF17C08-FFD4-40FB-A371-C5907B7B4D27}.Debug|Any CPU.ActiveCfg = Debug|Any CPU
		{9FF17C08-FFD4-40FB-A371-C5907B7B4D27}.Debug|Any CPU.Build.0 = Debug|Any CPU
		{9FF17C08-FFD4-40FB-A371-C5907B7B4D27}.Release|Any CPU.ActiveCfg = Release|Any CPU
		{9FF17C08-FFD4-40FB-A371-C5907B7B4D27}.Release|Any CPU.Build.0 = Release|Any CPU
		{73194647-7254-44FE-86A1-97AAF2B47F88}.Debug|Any CPU.ActiveCfg = Debug|Any CPU
		{73194647-7254-44FE-86A1-97AAF2B47F88}.Debug|Any CPU.Build.0 = Debug|Any CPU
		{73194647-7254-44FE-86A1-97AAF2B47F88}.Release|Any CPU.ActiveCfg = Release|Any CPU
		{73194647-7254-44FE-86A1-97AAF2B47F88}.Release|Any CPU.Build.0 = Release|Any CPU
		{38258D30-AE31-4A2B-A22B-65F39F136BFC}.Debug|Any CPU.ActiveCfg = Debug|Any CPU
		{38258D30-AE31-4A2B-A22B-65F39F136BFC}.Debug|Any CPU.Build.0 = Debug|Any CPU
		{38258D30-AE31-4A2B-A22B-65F39F136BFC}.Release|Any CPU.ActiveCfg = Release|Any CPU
		{38258D30-AE31-4A2B-A22B-65F39F136BFC}.Release|Any CPU.Build.0 = Release|Any CPU
		{7372CB1E-D1A2-4021-813D-0D02C1271A8C}.Debug|Any CPU.ActiveCfg = Debug|Any CPU
		{7372CB1E-D1A2-4021-813D-0D02C1271A8C}.Debug|Any CPU.Build.0 = Debug|Any CPU
		{7372CB1E-D1A2-4021-813D-0D02C1271A8C}.Release|Any CPU.ActiveCfg = Release|Any CPU
		{7372CB1E-D1A2-4021-813D-0D02C1271A8C}.Release|Any CPU.Build.0 = Release|Any CPU
		{7E4145A3-F3B0-4C13-A3F5-D7DEFE902DF7}.Debug|Any CPU.ActiveCfg = Debug|Any CPU
		{7E4145A3-F3B0-4C13-A3F5-D7DEFE902DF7}.Debug|Any CPU.Build.0 = Debug|Any CPU
		{7E4145A3-F3B0-4C13-A3F5-D7DEFE902DF7}.Release|Any CPU.ActiveCfg = Release|Any CPU
		{7E4145A3-F3B0-4C13-A3F5-D7DEFE902DF7}.Release|Any CPU.Build.0 = Release|Any CPU
		{31660004-130A-4001-A6D0-F8209EE3A3E6}.Debug|Any CPU.ActiveCfg = Debug|Any CPU
		{31660004-130A-4001-A6D0-F8209EE3A3E6}.Debug|Any CPU.Build.0 = Debug|Any CPU
		{31660004-130A-4001-A6D0-F8209EE3A3E6}.Release|Any CPU.ActiveCfg = Release|Any CPU
		{31660004-130A-4001-A6D0-F8209EE3A3E6}.Release|Any CPU.Build.0 = Release|Any CPU
		{D356B5C4-80EB-473B-BA11-CC9F9A3589A4}.Debug|Any CPU.ActiveCfg = Debug|Any CPU
		{D356B5C4-80EB-473B-BA11-CC9F9A3589A4}.Debug|Any CPU.Build.0 = Debug|Any CPU
		{D356B5C4-80EB-473B-BA11-CC9F9A3589A4}.Release|Any CPU.ActiveCfg = Release|Any CPU
		{D356B5C4-80EB-473B-BA11-CC9F9A3589A4}.Release|Any CPU.Build.0 = Release|Any CPU
		{B66D7DE0-F7B7-4C4D-A493-13BF8946C9E7}.Debug|Any CPU.ActiveCfg = Debug|Any CPU
		{B66D7DE0-F7B7-4C4D-A493-13BF8946C9E7}.Debug|Any CPU.Build.0 = Debug|Any CPU
		{B66D7DE0-F7B7-4C4D-A493-13BF8946C9E7}.Release|Any CPU.ActiveCfg = Release|Any CPU
		{B66D7DE0-F7B7-4C4D-A493-13BF8946C9E7}.Release|Any CPU.Build.0 = Release|Any CPU
	EndGlobalSection
	GlobalSection(SolutionProperties) = preSolution
		HideSolutionNode = FALSE
	EndGlobalSection
	GlobalSection(NestedProjects) = preSolution
		{9FF17C08-FFD4-40FB-A371-C5907B7B4D27} = {A10AC679-7D86-4F24-92BF-BCB134B209FD}
		{73194647-7254-44FE-86A1-97AAF2B47F88} = {A10AC679-7D86-4F24-92BF-BCB134B209FD}
		{38258D30-AE31-4A2B-A22B-65F39F136BFC} = {A10AC679-7D86-4F24-92BF-BCB134B209FD}
		{7372CB1E-D1A2-4021-813D-0D02C1271A8C} = {A10AC679-7D86-4F24-92BF-BCB134B209FD}
		{31660004-130A-4001-A6D0-F8209EE3A3E6} = {A10AC679-7D86-4F24-92BF-BCB134B209FD}
		{D356B5C4-80EB-473B-BA11-CC9F9A3589A4} = {F98B31AD-7F64-48BC-B994-EA0F6572307E}
		{B66D7DE0-F7B7-4C4D-A493-13BF8946C9E7} = {F98B31AD-7F64-48BC-B994-EA0F6572307E}
	EndGlobalSection
EndGlobal
