
Microsoft Visual Studio Solution File, Format Version 12.00
# Visual Studio 15
VisualStudioVersion = 15.0.28307.106
MinimumVisualStudioVersion = 10.0.40219.1
Project("{FAE04EC0-301F-11D3-BF4B-00C04F79EFBC}") = "Data", "..\Data\Data.csproj", "{05E27F14-D92F-415D-B6AC-6EC2A28ACF98}"
EndProject
Project("{FAE04EC0-301F-11D3-BF4B-00C04F79EFBC}") = "DataDAL", "..\DataDAL\DataDAL.csproj", "{7372CB1E-D1A2-4021-813D-0D02C1271A8C}"
EndProject
Project("{FAE04EC0-301F-11D3-BF4B-00C04F79EFBC}") = "Meta", "..\Meta\Meta.csproj", "{9FF17C08-FFD4-40FB-A371-C5907B7B4D27}"
EndProject
Project("{FAE04EC0-301F-11D3-BF4B-00C04F79EFBC}") = "MetaDAL", "..\MetaDAL\MetaDAL.csproj", "{73194647-7254-44FE-86A1-97AAF2B47F88}"
EndProject
Project("{FAE04EC0-301F-11D3-BF4B-00C04F79EFBC}") = "DataUC", "..\DataUC\DataUC.csproj", "{A4E58F27-F533-437D-9745-755B3B1A8C8A}"
EndProject
Project("{FAE04EC0-301F-11D3-BF4B-00C04F79EFBC}") = "MetaUC", "..\MetaUC\MetaUC.csproj", "{C4931B62-231A-4B86-9A36-8E42B3A174D8}"
EndProject
Project("{FAE04EC0-301F-11D3-BF4B-00C04F79EFBC}") = "Amur 2.1 GUI", "Amur 2.1 GUI.csproj", "{D7A38B79-4D33-4055-A5A3-10489EE18CD2}"
EndProject
Project("{FAE04EC0-301F-11D3-BF4B-00C04F79EFBC}") = "Sys", "..\Sys\Sys.csproj", "{D8026D66-63CD-40F2-B07A-224ABFA6AC5A}"
EndProject
Project("{FAE04EC0-301F-11D3-BF4B-00C04F79EFBC}") = "DataP", "..\DataP\DataP.csproj", "{66CA86B9-31A3-45A4-BA10-99628678FA71}"
EndProject
Project("{FAE04EC0-301F-11D3-BF4B-00C04F79EFBC}") = "Common", "..\Common\Common.csproj", "{31660004-130A-4001-A6D0-F8209EE3A3E6}"
EndProject
Project("{FAE04EC0-301F-11D3-BF4B-00C04F79EFBC}") = "CommonUC", "..\Common\CommonUC\CommonUC.csproj", "{BB34A841-7CBE-4C0D-8268-6AECE9B7271E}"
EndProject
Project("{FAE04EC0-301F-11D3-BF4B-00C04F79EFBC}") = "DataPBL", "..\DataPBL\DataPBL.csproj", "{3F29CE4D-8949-4D9D-AC7A-D3650D27D1C3}"
EndProject
Project("{FAE04EC0-301F-11D3-BF4B-00C04F79EFBC}") = "DataPDAL", "..\DataPDAL\DataPDAL.csproj", "{E82EBD52-ACB7-4B6D-BB18-04F691211A00}"
EndProject
Project("{FAE04EC0-301F-11D3-BF4B-00C04F79EFBC}") = "ObsVsFcs", "..\ObsVsFcs\ObsVsFcs.csproj", "{253C989A-D966-4973-81D1-1EF7135F2E75}"
EndProject
Project("{FAE04EC0-301F-11D3-BF4B-00C04F79EFBC}") = "CommonMath", "..\CommonMath\CommonMath.csproj", "{FFE71285-3013-4590-8130-6D5C559153CA}"
EndProject
Project("{FAE04EC0-301F-11D3-BF4B-00C04F79EFBC}") = "Parser", "..\Parser\Parser.csproj", "{6263F638-5182-440A-A9CE-B8FF033171D4}"
EndProject
Project("{FAE04EC0-301F-11D3-BF4B-00C04F79EFBC}") = "ParserDAL", "..\ParserDAL\ParserDAL.csproj", "{6D9EE84F-A1EB-46EC-A797-A4F6F4DBEE84}"
EndProject
Project("{FAE04EC0-301F-11D3-BF4B-00C04F79EFBC}") = "ParserUC", "..\ParserUC\ParserUC.csproj", "{FE24B5EA-7CDA-42A5-8104-EDB4C8119E5A}"
EndProject
Project("{FAE04EC0-301F-11D3-BF4B-00C04F79EFBC}") = "SocialBL", "..\Social\SocialBL\SocialBL.csproj", "{DA541FAB-7762-49A4-BC85-F6FF4D74E28B}"
EndProject
Project("{FAE04EC0-301F-11D3-BF4B-00C04F79EFBC}") = "SocialDAL", "..\Social\SocialDAL\SocialDAL.csproj", "{81804CF3-0BF8-459C-8E8E-B9F81E52CF57}"
EndProject
Project("{FAE04EC0-301F-11D3-BF4B-00C04F79EFBC}") = "SocialUC", "..\Social\SocialUC\SocialUC.csproj", "{AD3354DE-84C3-49B0-BF6F-B3C4D2F381DA}"
EndProject
Project("{FAE04EC0-301F-11D3-BF4B-00C04F79EFBC}") = "Geo", "..\..\..\Geo\Geo.csproj", "{3D2D6261-0EC0-43A7-90E3-8FA7BB9DFDCA}"
EndProject
Project("{FAE04EC0-301F-11D3-BF4B-00C04F79EFBC}") = "UnitTest", "..\Tests\UnitTest.csproj", "{B821E741-DF7D-4697-8BFB-EDE2EA65F3A7}"
EndProject
Project("{FAE04EC0-301F-11D3-BF4B-00C04F79EFBC}") = "DateYT", "..\DateYT\DateYT.csproj", "{0EC0624D-6F7B-422F-8DDC-5C8DE0E669C7}"
EndProject
Project("{FAE04EC0-301F-11D3-BF4B-00C04F79EFBC}") = "Report", "..\Report\Report\Report.csproj", "{0517C974-3F2C-46AC-99A3-735088D45701}"
EndProject
Project("{FAE04EC0-301F-11D3-BF4B-00C04F79EFBC}") = "ReportUC", "..\Report\ReportUC\ReportUC.csproj", "{8A5617AE-ED37-480A-A4D2-EF99E209BB7F}"
EndProject
Project("{FAE04EC0-301F-11D3-BF4B-00C04F79EFBC}") = "ReportDAL", "..\ReportDAL\ReportDAL.csproj", "{EEAD327E-0113-400B-9E0D-3DC8A36CA1C4}"
EndProject
Global
	GlobalSection(SolutionConfigurationPlatforms) = preSolution
		Debug|Any CPU = Debug|Any CPU
		Debug|x64 = Debug|x64
		Debug|x86 = Debug|x86
		Release|Any CPU = Release|Any CPU
		Release|x64 = Release|x64
		Release|x86 = Release|x86
	EndGlobalSection
	GlobalSection(ProjectConfigurationPlatforms) = postSolution
		{05E27F14-D92F-415D-B6AC-6EC2A28ACF98}.Debug|Any CPU.ActiveCfg = Debug|Any CPU
		{05E27F14-D92F-415D-B6AC-6EC2A28ACF98}.Debug|Any CPU.Build.0 = Debug|Any CPU
		{05E27F14-D92F-415D-B6AC-6EC2A28ACF98}.Debug|x64.ActiveCfg = Debug|Any CPU
		{05E27F14-D92F-415D-B6AC-6EC2A28ACF98}.Debug|x64.Build.0 = Debug|Any CPU
		{05E27F14-D92F-415D-B6AC-6EC2A28ACF98}.Debug|x86.ActiveCfg = Debug|Any CPU
		{05E27F14-D92F-415D-B6AC-6EC2A28ACF98}.Debug|x86.Build.0 = Debug|Any CPU
		{05E27F14-D92F-415D-B6AC-6EC2A28ACF98}.Release|Any CPU.ActiveCfg = Release|Any CPU
		{05E27F14-D92F-415D-B6AC-6EC2A28ACF98}.Release|Any CPU.Build.0 = Release|Any CPU
		{05E27F14-D92F-415D-B6AC-6EC2A28ACF98}.Release|x64.ActiveCfg = Release|Any CPU
		{05E27F14-D92F-415D-B6AC-6EC2A28ACF98}.Release|x64.Build.0 = Release|Any CPU
		{05E27F14-D92F-415D-B6AC-6EC2A28ACF98}.Release|x86.ActiveCfg = Release|Any CPU
		{05E27F14-D92F-415D-B6AC-6EC2A28ACF98}.Release|x86.Build.0 = Release|Any CPU
		{7372CB1E-D1A2-4021-813D-0D02C1271A8C}.Debug|Any CPU.ActiveCfg = Debug|Any CPU
		{7372CB1E-D1A2-4021-813D-0D02C1271A8C}.Debug|Any CPU.Build.0 = Debug|Any CPU
		{7372CB1E-D1A2-4021-813D-0D02C1271A8C}.Debug|x64.ActiveCfg = Debug|Any CPU
		{7372CB1E-D1A2-4021-813D-0D02C1271A8C}.Debug|x64.Build.0 = Debug|Any CPU
		{7372CB1E-D1A2-4021-813D-0D02C1271A8C}.Debug|x86.ActiveCfg = Debug|Any CPU
		{7372CB1E-D1A2-4021-813D-0D02C1271A8C}.Debug|x86.Build.0 = Debug|Any CPU
		{7372CB1E-D1A2-4021-813D-0D02C1271A8C}.Release|Any CPU.ActiveCfg = Release|Any CPU
		{7372CB1E-D1A2-4021-813D-0D02C1271A8C}.Release|Any CPU.Build.0 = Release|Any CPU
		{7372CB1E-D1A2-4021-813D-0D02C1271A8C}.Release|x64.ActiveCfg = Release|Any CPU
		{7372CB1E-D1A2-4021-813D-0D02C1271A8C}.Release|x64.Build.0 = Release|Any CPU
		{7372CB1E-D1A2-4021-813D-0D02C1271A8C}.Release|x86.ActiveCfg = Release|Any CPU
		{7372CB1E-D1A2-4021-813D-0D02C1271A8C}.Release|x86.Build.0 = Release|Any CPU
		{9FF17C08-FFD4-40FB-A371-C5907B7B4D27}.Debug|Any CPU.ActiveCfg = Debug|Any CPU
		{9FF17C08-FFD4-40FB-A371-C5907B7B4D27}.Debug|Any CPU.Build.0 = Debug|Any CPU
		{9FF17C08-FFD4-40FB-A371-C5907B7B4D27}.Debug|x64.ActiveCfg = Debug|Any CPU
		{9FF17C08-FFD4-40FB-A371-C5907B7B4D27}.Debug|x64.Build.0 = Debug|Any CPU
		{9FF17C08-FFD4-40FB-A371-C5907B7B4D27}.Debug|x86.ActiveCfg = Debug|Any CPU
		{9FF17C08-FFD4-40FB-A371-C5907B7B4D27}.Debug|x86.Build.0 = Debug|Any CPU
		{9FF17C08-FFD4-40FB-A371-C5907B7B4D27}.Release|Any CPU.ActiveCfg = Release|Any CPU
		{9FF17C08-FFD4-40FB-A371-C5907B7B4D27}.Release|Any CPU.Build.0 = Release|Any CPU
		{9FF17C08-FFD4-40FB-A371-C5907B7B4D27}.Release|x64.ActiveCfg = Release|Any CPU
		{9FF17C08-FFD4-40FB-A371-C5907B7B4D27}.Release|x64.Build.0 = Release|Any CPU
		{9FF17C08-FFD4-40FB-A371-C5907B7B4D27}.Release|x86.ActiveCfg = Release|Any CPU
		{9FF17C08-FFD4-40FB-A371-C5907B7B4D27}.Release|x86.Build.0 = Release|Any CPU
		{73194647-7254-44FE-86A1-97AAF2B47F88}.Debug|Any CPU.ActiveCfg = Debug|Any CPU
		{73194647-7254-44FE-86A1-97AAF2B47F88}.Debug|Any CPU.Build.0 = Debug|Any CPU
		{73194647-7254-44FE-86A1-97AAF2B47F88}.Debug|x64.ActiveCfg = Debug|Any CPU
		{73194647-7254-44FE-86A1-97AAF2B47F88}.Debug|x64.Build.0 = Debug|Any CPU
		{73194647-7254-44FE-86A1-97AAF2B47F88}.Debug|x86.ActiveCfg = Debug|Any CPU
		{73194647-7254-44FE-86A1-97AAF2B47F88}.Debug|x86.Build.0 = Debug|Any CPU
		{73194647-7254-44FE-86A1-97AAF2B47F88}.Release|Any CPU.ActiveCfg = Release|Any CPU
		{73194647-7254-44FE-86A1-97AAF2B47F88}.Release|Any CPU.Build.0 = Release|Any CPU
		{73194647-7254-44FE-86A1-97AAF2B47F88}.Release|x64.ActiveCfg = Release|Any CPU
		{73194647-7254-44FE-86A1-97AAF2B47F88}.Release|x64.Build.0 = Release|Any CPU
		{73194647-7254-44FE-86A1-97AAF2B47F88}.Release|x86.ActiveCfg = Release|Any CPU
		{73194647-7254-44FE-86A1-97AAF2B47F88}.Release|x86.Build.0 = Release|Any CPU
		{A4E58F27-F533-437D-9745-755B3B1A8C8A}.Debug|Any CPU.ActiveCfg = Debug|Any CPU
		{A4E58F27-F533-437D-9745-755B3B1A8C8A}.Debug|Any CPU.Build.0 = Debug|Any CPU
		{A4E58F27-F533-437D-9745-755B3B1A8C8A}.Debug|x64.ActiveCfg = Debug|Any CPU
		{A4E58F27-F533-437D-9745-755B3B1A8C8A}.Debug|x64.Build.0 = Debug|Any CPU
		{A4E58F27-F533-437D-9745-755B3B1A8C8A}.Debug|x86.ActiveCfg = Debug|Any CPU
		{A4E58F27-F533-437D-9745-755B3B1A8C8A}.Debug|x86.Build.0 = Debug|Any CPU
		{A4E58F27-F533-437D-9745-755B3B1A8C8A}.Release|Any CPU.ActiveCfg = Release|Any CPU
		{A4E58F27-F533-437D-9745-755B3B1A8C8A}.Release|Any CPU.Build.0 = Release|Any CPU
		{A4E58F27-F533-437D-9745-755B3B1A8C8A}.Release|x64.ActiveCfg = Release|Any CPU
		{A4E58F27-F533-437D-9745-755B3B1A8C8A}.Release|x64.Build.0 = Release|Any CPU
		{A4E58F27-F533-437D-9745-755B3B1A8C8A}.Release|x86.ActiveCfg = Release|Any CPU
		{A4E58F27-F533-437D-9745-755B3B1A8C8A}.Release|x86.Build.0 = Release|Any CPU
		{C4931B62-231A-4B86-9A36-8E42B3A174D8}.Debug|Any CPU.ActiveCfg = Debug|Any CPU
		{C4931B62-231A-4B86-9A36-8E42B3A174D8}.Debug|Any CPU.Build.0 = Debug|Any CPU
		{C4931B62-231A-4B86-9A36-8E42B3A174D8}.Debug|x64.ActiveCfg = Debug|Any CPU
		{C4931B62-231A-4B86-9A36-8E42B3A174D8}.Debug|x64.Build.0 = Debug|Any CPU
		{C4931B62-231A-4B86-9A36-8E42B3A174D8}.Debug|x86.ActiveCfg = Debug|Any CPU
		{C4931B62-231A-4B86-9A36-8E42B3A174D8}.Debug|x86.Build.0 = Debug|Any CPU
		{C4931B62-231A-4B86-9A36-8E42B3A174D8}.Release|Any CPU.ActiveCfg = Release|Any CPU
		{C4931B62-231A-4B86-9A36-8E42B3A174D8}.Release|Any CPU.Build.0 = Release|Any CPU
		{C4931B62-231A-4B86-9A36-8E42B3A174D8}.Release|x64.ActiveCfg = Release|Any CPU
		{C4931B62-231A-4B86-9A36-8E42B3A174D8}.Release|x64.Build.0 = Release|Any CPU
		{C4931B62-231A-4B86-9A36-8E42B3A174D8}.Release|x86.ActiveCfg = Release|Any CPU
		{C4931B62-231A-4B86-9A36-8E42B3A174D8}.Release|x86.Build.0 = Release|Any CPU
		{D7A38B79-4D33-4055-A5A3-10489EE18CD2}.Debug|Any CPU.ActiveCfg = Debug|Any CPU
		{D7A38B79-4D33-4055-A5A3-10489EE18CD2}.Debug|Any CPU.Build.0 = Debug|Any CPU
		{D7A38B79-4D33-4055-A5A3-10489EE18CD2}.Debug|x64.ActiveCfg = Debug|Any CPU
		{D7A38B79-4D33-4055-A5A3-10489EE18CD2}.Debug|x64.Build.0 = Debug|Any CPU
		{D7A38B79-4D33-4055-A5A3-10489EE18CD2}.Debug|x86.ActiveCfg = Debug|Any CPU
		{D7A38B79-4D33-4055-A5A3-10489EE18CD2}.Debug|x86.Build.0 = Debug|Any CPU
		{D7A38B79-4D33-4055-A5A3-10489EE18CD2}.Release|Any CPU.ActiveCfg = Release|Any CPU
		{D7A38B79-4D33-4055-A5A3-10489EE18CD2}.Release|Any CPU.Build.0 = Release|Any CPU
		{D7A38B79-4D33-4055-A5A3-10489EE18CD2}.Release|x64.ActiveCfg = Release|Any CPU
		{D7A38B79-4D33-4055-A5A3-10489EE18CD2}.Release|x64.Build.0 = Release|Any CPU
		{D7A38B79-4D33-4055-A5A3-10489EE18CD2}.Release|x86.ActiveCfg = Release|Any CPU
		{D7A38B79-4D33-4055-A5A3-10489EE18CD2}.Release|x86.Build.0 = Release|Any CPU
		{D8026D66-63CD-40F2-B07A-224ABFA6AC5A}.Debug|Any CPU.ActiveCfg = Debug|Any CPU
		{D8026D66-63CD-40F2-B07A-224ABFA6AC5A}.Debug|Any CPU.Build.0 = Debug|Any CPU
		{D8026D66-63CD-40F2-B07A-224ABFA6AC5A}.Debug|x64.ActiveCfg = Debug|Any CPU
		{D8026D66-63CD-40F2-B07A-224ABFA6AC5A}.Debug|x64.Build.0 = Debug|Any CPU
		{D8026D66-63CD-40F2-B07A-224ABFA6AC5A}.Debug|x86.ActiveCfg = Debug|Any CPU
		{D8026D66-63CD-40F2-B07A-224ABFA6AC5A}.Debug|x86.Build.0 = Debug|Any CPU
		{D8026D66-63CD-40F2-B07A-224ABFA6AC5A}.Release|Any CPU.ActiveCfg = Release|Any CPU
		{D8026D66-63CD-40F2-B07A-224ABFA6AC5A}.Release|Any CPU.Build.0 = Release|Any CPU
		{D8026D66-63CD-40F2-B07A-224ABFA6AC5A}.Release|x64.ActiveCfg = Release|Any CPU
		{D8026D66-63CD-40F2-B07A-224ABFA6AC5A}.Release|x64.Build.0 = Release|Any CPU
		{D8026D66-63CD-40F2-B07A-224ABFA6AC5A}.Release|x86.ActiveCfg = Release|Any CPU
		{D8026D66-63CD-40F2-B07A-224ABFA6AC5A}.Release|x86.Build.0 = Release|Any CPU
		{66CA86B9-31A3-45A4-BA10-99628678FA71}.Debug|Any CPU.ActiveCfg = Debug|Any CPU
		{66CA86B9-31A3-45A4-BA10-99628678FA71}.Debug|Any CPU.Build.0 = Debug|Any CPU
		{66CA86B9-31A3-45A4-BA10-99628678FA71}.Debug|x64.ActiveCfg = Debug|Any CPU
		{66CA86B9-31A3-45A4-BA10-99628678FA71}.Debug|x64.Build.0 = Debug|Any CPU
		{66CA86B9-31A3-45A4-BA10-99628678FA71}.Debug|x86.ActiveCfg = Debug|Any CPU
		{66CA86B9-31A3-45A4-BA10-99628678FA71}.Debug|x86.Build.0 = Debug|Any CPU
		{66CA86B9-31A3-45A4-BA10-99628678FA71}.Release|Any CPU.ActiveCfg = Release|Any CPU
		{66CA86B9-31A3-45A4-BA10-99628678FA71}.Release|Any CPU.Build.0 = Release|Any CPU
		{66CA86B9-31A3-45A4-BA10-99628678FA71}.Release|x64.ActiveCfg = Release|Any CPU
		{66CA86B9-31A3-45A4-BA10-99628678FA71}.Release|x64.Build.0 = Release|Any CPU
		{66CA86B9-31A3-45A4-BA10-99628678FA71}.Release|x86.ActiveCfg = Release|Any CPU
		{66CA86B9-31A3-45A4-BA10-99628678FA71}.Release|x86.Build.0 = Release|Any CPU
		{31660004-130A-4001-A6D0-F8209EE3A3E6}.Debug|Any CPU.ActiveCfg = Debug|Any CPU
		{31660004-130A-4001-A6D0-F8209EE3A3E6}.Debug|Any CPU.Build.0 = Debug|Any CPU
		{31660004-130A-4001-A6D0-F8209EE3A3E6}.Debug|x64.ActiveCfg = Debug|Any CPU
		{31660004-130A-4001-A6D0-F8209EE3A3E6}.Debug|x64.Build.0 = Debug|Any CPU
		{31660004-130A-4001-A6D0-F8209EE3A3E6}.Debug|x86.ActiveCfg = Debug|Any CPU
		{31660004-130A-4001-A6D0-F8209EE3A3E6}.Debug|x86.Build.0 = Debug|Any CPU
		{31660004-130A-4001-A6D0-F8209EE3A3E6}.Release|Any CPU.ActiveCfg = Release|Any CPU
		{31660004-130A-4001-A6D0-F8209EE3A3E6}.Release|Any CPU.Build.0 = Release|Any CPU
		{31660004-130A-4001-A6D0-F8209EE3A3E6}.Release|x64.ActiveCfg = Release|Any CPU
		{31660004-130A-4001-A6D0-F8209EE3A3E6}.Release|x64.Build.0 = Release|Any CPU
		{31660004-130A-4001-A6D0-F8209EE3A3E6}.Release|x86.ActiveCfg = Release|Any CPU
		{31660004-130A-4001-A6D0-F8209EE3A3E6}.Release|x86.Build.0 = Release|Any CPU
		{BB34A841-7CBE-4C0D-8268-6AECE9B7271E}.Debug|Any CPU.ActiveCfg = Debug|Any CPU
		{BB34A841-7CBE-4C0D-8268-6AECE9B7271E}.Debug|Any CPU.Build.0 = Debug|Any CPU
		{BB34A841-7CBE-4C0D-8268-6AECE9B7271E}.Debug|x64.ActiveCfg = Debug|Any CPU
		{BB34A841-7CBE-4C0D-8268-6AECE9B7271E}.Debug|x64.Build.0 = Debug|Any CPU
		{BB34A841-7CBE-4C0D-8268-6AECE9B7271E}.Debug|x86.ActiveCfg = Debug|Any CPU
		{BB34A841-7CBE-4C0D-8268-6AECE9B7271E}.Debug|x86.Build.0 = Debug|Any CPU
		{BB34A841-7CBE-4C0D-8268-6AECE9B7271E}.Release|Any CPU.ActiveCfg = Release|Any CPU
		{BB34A841-7CBE-4C0D-8268-6AECE9B7271E}.Release|Any CPU.Build.0 = Release|Any CPU
		{BB34A841-7CBE-4C0D-8268-6AECE9B7271E}.Release|x64.ActiveCfg = Release|Any CPU
		{BB34A841-7CBE-4C0D-8268-6AECE9B7271E}.Release|x64.Build.0 = Release|Any CPU
		{BB34A841-7CBE-4C0D-8268-6AECE9B7271E}.Release|x86.ActiveCfg = Release|Any CPU
		{BB34A841-7CBE-4C0D-8268-6AECE9B7271E}.Release|x86.Build.0 = Release|Any CPU
		{3F29CE4D-8949-4D9D-AC7A-D3650D27D1C3}.Debug|Any CPU.ActiveCfg = Debug|Any CPU
		{3F29CE4D-8949-4D9D-AC7A-D3650D27D1C3}.Debug|Any CPU.Build.0 = Debug|Any CPU
		{3F29CE4D-8949-4D9D-AC7A-D3650D27D1C3}.Debug|x64.ActiveCfg = Debug|Any CPU
		{3F29CE4D-8949-4D9D-AC7A-D3650D27D1C3}.Debug|x64.Build.0 = Debug|Any CPU
		{3F29CE4D-8949-4D9D-AC7A-D3650D27D1C3}.Debug|x86.ActiveCfg = Debug|Any CPU
		{3F29CE4D-8949-4D9D-AC7A-D3650D27D1C3}.Debug|x86.Build.0 = Debug|Any CPU
		{3F29CE4D-8949-4D9D-AC7A-D3650D27D1C3}.Release|Any CPU.ActiveCfg = Release|Any CPU
		{3F29CE4D-8949-4D9D-AC7A-D3650D27D1C3}.Release|Any CPU.Build.0 = Release|Any CPU
		{3F29CE4D-8949-4D9D-AC7A-D3650D27D1C3}.Release|x64.ActiveCfg = Release|Any CPU
		{3F29CE4D-8949-4D9D-AC7A-D3650D27D1C3}.Release|x64.Build.0 = Release|Any CPU
		{3F29CE4D-8949-4D9D-AC7A-D3650D27D1C3}.Release|x86.ActiveCfg = Release|Any CPU
		{3F29CE4D-8949-4D9D-AC7A-D3650D27D1C3}.Release|x86.Build.0 = Release|Any CPU
		{E82EBD52-ACB7-4B6D-BB18-04F691211A00}.Debug|Any CPU.ActiveCfg = Debug|Any CPU
		{E82EBD52-ACB7-4B6D-BB18-04F691211A00}.Debug|Any CPU.Build.0 = Debug|Any CPU
		{E82EBD52-ACB7-4B6D-BB18-04F691211A00}.Debug|x64.ActiveCfg = Debug|Any CPU
		{E82EBD52-ACB7-4B6D-BB18-04F691211A00}.Debug|x64.Build.0 = Debug|Any CPU
		{E82EBD52-ACB7-4B6D-BB18-04F691211A00}.Debug|x86.ActiveCfg = Debug|Any CPU
		{E82EBD52-ACB7-4B6D-BB18-04F691211A00}.Debug|x86.Build.0 = Debug|Any CPU
		{E82EBD52-ACB7-4B6D-BB18-04F691211A00}.Release|Any CPU.ActiveCfg = Release|Any CPU
		{E82EBD52-ACB7-4B6D-BB18-04F691211A00}.Release|Any CPU.Build.0 = Release|Any CPU
		{E82EBD52-ACB7-4B6D-BB18-04F691211A00}.Release|x64.ActiveCfg = Release|Any CPU
		{E82EBD52-ACB7-4B6D-BB18-04F691211A00}.Release|x64.Build.0 = Release|Any CPU
		{E82EBD52-ACB7-4B6D-BB18-04F691211A00}.Release|x86.ActiveCfg = Release|Any CPU
		{E82EBD52-ACB7-4B6D-BB18-04F691211A00}.Release|x86.Build.0 = Release|Any CPU
		{253C989A-D966-4973-81D1-1EF7135F2E75}.Debug|Any CPU.ActiveCfg = Debug|Any CPU
		{253C989A-D966-4973-81D1-1EF7135F2E75}.Debug|Any CPU.Build.0 = Debug|Any CPU
		{253C989A-D966-4973-81D1-1EF7135F2E75}.Debug|x64.ActiveCfg = Debug|Any CPU
		{253C989A-D966-4973-81D1-1EF7135F2E75}.Debug|x64.Build.0 = Debug|Any CPU
		{253C989A-D966-4973-81D1-1EF7135F2E75}.Debug|x86.ActiveCfg = Debug|Any CPU
		{253C989A-D966-4973-81D1-1EF7135F2E75}.Debug|x86.Build.0 = Debug|Any CPU
		{253C989A-D966-4973-81D1-1EF7135F2E75}.Release|Any CPU.ActiveCfg = Release|Any CPU
		{253C989A-D966-4973-81D1-1EF7135F2E75}.Release|Any CPU.Build.0 = Release|Any CPU
		{253C989A-D966-4973-81D1-1EF7135F2E75}.Release|x64.ActiveCfg = Release|Any CPU
		{253C989A-D966-4973-81D1-1EF7135F2E75}.Release|x64.Build.0 = Release|Any CPU
		{253C989A-D966-4973-81D1-1EF7135F2E75}.Release|x86.ActiveCfg = Release|Any CPU
		{253C989A-D966-4973-81D1-1EF7135F2E75}.Release|x86.Build.0 = Release|Any CPU
		{FFE71285-3013-4590-8130-6D5C559153CA}.Debug|Any CPU.ActiveCfg = Debug|Any CPU
		{FFE71285-3013-4590-8130-6D5C559153CA}.Debug|Any CPU.Build.0 = Debug|Any CPU
		{FFE71285-3013-4590-8130-6D5C559153CA}.Debug|x64.ActiveCfg = Debug|Any CPU
		{FFE71285-3013-4590-8130-6D5C559153CA}.Debug|x64.Build.0 = Debug|Any CPU
		{FFE71285-3013-4590-8130-6D5C559153CA}.Debug|x86.ActiveCfg = Debug|Any CPU
		{FFE71285-3013-4590-8130-6D5C559153CA}.Debug|x86.Build.0 = Debug|Any CPU
		{FFE71285-3013-4590-8130-6D5C559153CA}.Release|Any CPU.ActiveCfg = Release|Any CPU
		{FFE71285-3013-4590-8130-6D5C559153CA}.Release|Any CPU.Build.0 = Release|Any CPU
		{FFE71285-3013-4590-8130-6D5C559153CA}.Release|x64.ActiveCfg = Release|Any CPU
		{FFE71285-3013-4590-8130-6D5C559153CA}.Release|x64.Build.0 = Release|Any CPU
		{FFE71285-3013-4590-8130-6D5C559153CA}.Release|x86.ActiveCfg = Release|Any CPU
		{FFE71285-3013-4590-8130-6D5C559153CA}.Release|x86.Build.0 = Release|Any CPU
		{6263F638-5182-440A-A9CE-B8FF033171D4}.Debug|Any CPU.ActiveCfg = Debug|Any CPU
		{6263F638-5182-440A-A9CE-B8FF033171D4}.Debug|Any CPU.Build.0 = Debug|Any CPU
		{6263F638-5182-440A-A9CE-B8FF033171D4}.Debug|x64.ActiveCfg = Debug|Any CPU
		{6263F638-5182-440A-A9CE-B8FF033171D4}.Debug|x64.Build.0 = Debug|Any CPU
		{6263F638-5182-440A-A9CE-B8FF033171D4}.Debug|x86.ActiveCfg = Debug|Any CPU
		{6263F638-5182-440A-A9CE-B8FF033171D4}.Debug|x86.Build.0 = Debug|Any CPU
		{6263F638-5182-440A-A9CE-B8FF033171D4}.Release|Any CPU.ActiveCfg = Release|Any CPU
		{6263F638-5182-440A-A9CE-B8FF033171D4}.Release|Any CPU.Build.0 = Release|Any CPU
		{6263F638-5182-440A-A9CE-B8FF033171D4}.Release|x64.ActiveCfg = Release|Any CPU
		{6263F638-5182-440A-A9CE-B8FF033171D4}.Release|x64.Build.0 = Release|Any CPU
		{6263F638-5182-440A-A9CE-B8FF033171D4}.Release|x86.ActiveCfg = Release|Any CPU
		{6263F638-5182-440A-A9CE-B8FF033171D4}.Release|x86.Build.0 = Release|Any CPU
		{6D9EE84F-A1EB-46EC-A797-A4F6F4DBEE84}.Debug|Any CPU.ActiveCfg = Debug|Any CPU
		{6D9EE84F-A1EB-46EC-A797-A4F6F4DBEE84}.Debug|Any CPU.Build.0 = Debug|Any CPU
		{6D9EE84F-A1EB-46EC-A797-A4F6F4DBEE84}.Debug|x64.ActiveCfg = Debug|Any CPU
		{6D9EE84F-A1EB-46EC-A797-A4F6F4DBEE84}.Debug|x64.Build.0 = Debug|Any CPU
		{6D9EE84F-A1EB-46EC-A797-A4F6F4DBEE84}.Debug|x86.ActiveCfg = Debug|Any CPU
		{6D9EE84F-A1EB-46EC-A797-A4F6F4DBEE84}.Debug|x86.Build.0 = Debug|Any CPU
		{6D9EE84F-A1EB-46EC-A797-A4F6F4DBEE84}.Release|Any CPU.ActiveCfg = Release|Any CPU
		{6D9EE84F-A1EB-46EC-A797-A4F6F4DBEE84}.Release|Any CPU.Build.0 = Release|Any CPU
		{6D9EE84F-A1EB-46EC-A797-A4F6F4DBEE84}.Release|x64.ActiveCfg = Release|Any CPU
		{6D9EE84F-A1EB-46EC-A797-A4F6F4DBEE84}.Release|x64.Build.0 = Release|Any CPU
		{6D9EE84F-A1EB-46EC-A797-A4F6F4DBEE84}.Release|x86.ActiveCfg = Release|Any CPU
		{6D9EE84F-A1EB-46EC-A797-A4F6F4DBEE84}.Release|x86.Build.0 = Release|Any CPU
		{FE24B5EA-7CDA-42A5-8104-EDB4C8119E5A}.Debug|Any CPU.ActiveCfg = Debug|Any CPU
		{FE24B5EA-7CDA-42A5-8104-EDB4C8119E5A}.Debug|Any CPU.Build.0 = Debug|Any CPU
		{FE24B5EA-7CDA-42A5-8104-EDB4C8119E5A}.Debug|x64.ActiveCfg = Debug|Any CPU
		{FE24B5EA-7CDA-42A5-8104-EDB4C8119E5A}.Debug|x64.Build.0 = Debug|Any CPU
		{FE24B5EA-7CDA-42A5-8104-EDB4C8119E5A}.Debug|x86.ActiveCfg = Debug|Any CPU
		{FE24B5EA-7CDA-42A5-8104-EDB4C8119E5A}.Debug|x86.Build.0 = Debug|Any CPU
		{FE24B5EA-7CDA-42A5-8104-EDB4C8119E5A}.Release|Any CPU.ActiveCfg = Release|Any CPU
		{FE24B5EA-7CDA-42A5-8104-EDB4C8119E5A}.Release|Any CPU.Build.0 = Release|Any CPU
		{FE24B5EA-7CDA-42A5-8104-EDB4C8119E5A}.Release|x64.ActiveCfg = Release|Any CPU
		{FE24B5EA-7CDA-42A5-8104-EDB4C8119E5A}.Release|x64.Build.0 = Release|Any CPU
		{FE24B5EA-7CDA-42A5-8104-EDB4C8119E5A}.Release|x86.ActiveCfg = Release|Any CPU
		{FE24B5EA-7CDA-42A5-8104-EDB4C8119E5A}.Release|x86.Build.0 = Release|Any CPU
		{DA541FAB-7762-49A4-BC85-F6FF4D74E28B}.Debug|Any CPU.ActiveCfg = Debug|Any CPU
		{DA541FAB-7762-49A4-BC85-F6FF4D74E28B}.Debug|Any CPU.Build.0 = Debug|Any CPU
		{DA541FAB-7762-49A4-BC85-F6FF4D74E28B}.Debug|x64.ActiveCfg = Debug|Any CPU
		{DA541FAB-7762-49A4-BC85-F6FF4D74E28B}.Debug|x64.Build.0 = Debug|Any CPU
		{DA541FAB-7762-49A4-BC85-F6FF4D74E28B}.Debug|x86.ActiveCfg = Debug|Any CPU
		{DA541FAB-7762-49A4-BC85-F6FF4D74E28B}.Debug|x86.Build.0 = Debug|Any CPU
		{DA541FAB-7762-49A4-BC85-F6FF4D74E28B}.Release|Any CPU.ActiveCfg = Release|Any CPU
		{DA541FAB-7762-49A4-BC85-F6FF4D74E28B}.Release|Any CPU.Build.0 = Release|Any CPU
		{DA541FAB-7762-49A4-BC85-F6FF4D74E28B}.Release|x64.ActiveCfg = Release|Any CPU
		{DA541FAB-7762-49A4-BC85-F6FF4D74E28B}.Release|x64.Build.0 = Release|Any CPU
		{DA541FAB-7762-49A4-BC85-F6FF4D74E28B}.Release|x86.ActiveCfg = Release|Any CPU
		{DA541FAB-7762-49A4-BC85-F6FF4D74E28B}.Release|x86.Build.0 = Release|Any CPU
		{81804CF3-0BF8-459C-8E8E-B9F81E52CF57}.Debug|Any CPU.ActiveCfg = Debug|Any CPU
		{81804CF3-0BF8-459C-8E8E-B9F81E52CF57}.Debug|Any CPU.Build.0 = Debug|Any CPU
		{81804CF3-0BF8-459C-8E8E-B9F81E52CF57}.Debug|x64.ActiveCfg = Debug|Any CPU
		{81804CF3-0BF8-459C-8E8E-B9F81E52CF57}.Debug|x64.Build.0 = Debug|Any CPU
		{81804CF3-0BF8-459C-8E8E-B9F81E52CF57}.Debug|x86.ActiveCfg = Debug|Any CPU
		{81804CF3-0BF8-459C-8E8E-B9F81E52CF57}.Debug|x86.Build.0 = Debug|Any CPU
		{81804CF3-0BF8-459C-8E8E-B9F81E52CF57}.Release|Any CPU.ActiveCfg = Release|Any CPU
		{81804CF3-0BF8-459C-8E8E-B9F81E52CF57}.Release|Any CPU.Build.0 = Release|Any CPU
		{81804CF3-0BF8-459C-8E8E-B9F81E52CF57}.Release|x64.ActiveCfg = Release|Any CPU
		{81804CF3-0BF8-459C-8E8E-B9F81E52CF57}.Release|x64.Build.0 = Release|Any CPU
		{81804CF3-0BF8-459C-8E8E-B9F81E52CF57}.Release|x86.ActiveCfg = Release|Any CPU
		{81804CF3-0BF8-459C-8E8E-B9F81E52CF57}.Release|x86.Build.0 = Release|Any CPU
		{AD3354DE-84C3-49B0-BF6F-B3C4D2F381DA}.Debug|Any CPU.ActiveCfg = Debug|Any CPU
		{AD3354DE-84C3-49B0-BF6F-B3C4D2F381DA}.Debug|Any CPU.Build.0 = Debug|Any CPU
		{AD3354DE-84C3-49B0-BF6F-B3C4D2F381DA}.Debug|x64.ActiveCfg = Debug|Any CPU
		{AD3354DE-84C3-49B0-BF6F-B3C4D2F381DA}.Debug|x64.Build.0 = Debug|Any CPU
		{AD3354DE-84C3-49B0-BF6F-B3C4D2F381DA}.Debug|x86.ActiveCfg = Debug|Any CPU
		{AD3354DE-84C3-49B0-BF6F-B3C4D2F381DA}.Debug|x86.Build.0 = Debug|Any CPU
		{AD3354DE-84C3-49B0-BF6F-B3C4D2F381DA}.Release|Any CPU.ActiveCfg = Release|Any CPU
		{AD3354DE-84C3-49B0-BF6F-B3C4D2F381DA}.Release|Any CPU.Build.0 = Release|Any CPU
		{AD3354DE-84C3-49B0-BF6F-B3C4D2F381DA}.Release|x64.ActiveCfg = Release|Any CPU
		{AD3354DE-84C3-49B0-BF6F-B3C4D2F381DA}.Release|x64.Build.0 = Release|Any CPU
		{AD3354DE-84C3-49B0-BF6F-B3C4D2F381DA}.Release|x86.ActiveCfg = Release|Any CPU
		{AD3354DE-84C3-49B0-BF6F-B3C4D2F381DA}.Release|x86.Build.0 = Release|Any CPU
		{3D2D6261-0EC0-43A7-90E3-8FA7BB9DFDCA}.Debug|Any CPU.ActiveCfg = Debug|Any CPU
		{3D2D6261-0EC0-43A7-90E3-8FA7BB9DFDCA}.Debug|Any CPU.Build.0 = Debug|Any CPU
		{3D2D6261-0EC0-43A7-90E3-8FA7BB9DFDCA}.Debug|x64.ActiveCfg = Debug|Any CPU
		{3D2D6261-0EC0-43A7-90E3-8FA7BB9DFDCA}.Debug|x64.Build.0 = Debug|Any CPU
		{3D2D6261-0EC0-43A7-90E3-8FA7BB9DFDCA}.Debug|x86.ActiveCfg = Debug|Any CPU
		{3D2D6261-0EC0-43A7-90E3-8FA7BB9DFDCA}.Debug|x86.Build.0 = Debug|Any CPU
		{3D2D6261-0EC0-43A7-90E3-8FA7BB9DFDCA}.Release|Any CPU.ActiveCfg = Release|Any CPU
		{3D2D6261-0EC0-43A7-90E3-8FA7BB9DFDCA}.Release|Any CPU.Build.0 = Release|Any CPU
		{3D2D6261-0EC0-43A7-90E3-8FA7BB9DFDCA}.Release|x64.ActiveCfg = Release|Any CPU
		{3D2D6261-0EC0-43A7-90E3-8FA7BB9DFDCA}.Release|x64.Build.0 = Release|Any CPU
		{3D2D6261-0EC0-43A7-90E3-8FA7BB9DFDCA}.Release|x86.ActiveCfg = Release|Any CPU
		{3D2D6261-0EC0-43A7-90E3-8FA7BB9DFDCA}.Release|x86.Build.0 = Release|Any CPU
		{B821E741-DF7D-4697-8BFB-EDE2EA65F3A7}.Debug|Any CPU.ActiveCfg = Debug|Any CPU
		{B821E741-DF7D-4697-8BFB-EDE2EA65F3A7}.Debug|Any CPU.Build.0 = Debug|Any CPU
		{B821E741-DF7D-4697-8BFB-EDE2EA65F3A7}.Debug|x64.ActiveCfg = Debug|Any CPU
		{B821E741-DF7D-4697-8BFB-EDE2EA65F3A7}.Debug|x64.Build.0 = Debug|Any CPU
		{B821E741-DF7D-4697-8BFB-EDE2EA65F3A7}.Debug|x86.ActiveCfg = Debug|Any CPU
		{B821E741-DF7D-4697-8BFB-EDE2EA65F3A7}.Debug|x86.Build.0 = Debug|Any CPU
		{B821E741-DF7D-4697-8BFB-EDE2EA65F3A7}.Release|Any CPU.ActiveCfg = Release|Any CPU
		{B821E741-DF7D-4697-8BFB-EDE2EA65F3A7}.Release|Any CPU.Build.0 = Release|Any CPU
		{B821E741-DF7D-4697-8BFB-EDE2EA65F3A7}.Release|x64.ActiveCfg = Release|Any CPU
		{B821E741-DF7D-4697-8BFB-EDE2EA65F3A7}.Release|x64.Build.0 = Release|Any CPU
		{B821E741-DF7D-4697-8BFB-EDE2EA65F3A7}.Release|x86.ActiveCfg = Release|Any CPU
		{B821E741-DF7D-4697-8BFB-EDE2EA65F3A7}.Release|x86.Build.0 = Release|Any CPU
		{0EC0624D-6F7B-422F-8DDC-5C8DE0E669C7}.Debug|Any CPU.ActiveCfg = Debug|Any CPU
		{0EC0624D-6F7B-422F-8DDC-5C8DE0E669C7}.Debug|Any CPU.Build.0 = Debug|Any CPU
		{0EC0624D-6F7B-422F-8DDC-5C8DE0E669C7}.Debug|x64.ActiveCfg = Debug|Any CPU
		{0EC0624D-6F7B-422F-8DDC-5C8DE0E669C7}.Debug|x64.Build.0 = Debug|Any CPU
		{0EC0624D-6F7B-422F-8DDC-5C8DE0E669C7}.Debug|x86.ActiveCfg = Debug|Any CPU
		{0EC0624D-6F7B-422F-8DDC-5C8DE0E669C7}.Debug|x86.Build.0 = Debug|Any CPU
		{0EC0624D-6F7B-422F-8DDC-5C8DE0E669C7}.Release|Any CPU.ActiveCfg = Release|Any CPU
		{0EC0624D-6F7B-422F-8DDC-5C8DE0E669C7}.Release|Any CPU.Build.0 = Release|Any CPU
		{0EC0624D-6F7B-422F-8DDC-5C8DE0E669C7}.Release|x64.ActiveCfg = Release|Any CPU
		{0EC0624D-6F7B-422F-8DDC-5C8DE0E669C7}.Release|x64.Build.0 = Release|Any CPU
		{0EC0624D-6F7B-422F-8DDC-5C8DE0E669C7}.Release|x86.ActiveCfg = Release|Any CPU
		{0EC0624D-6F7B-422F-8DDC-5C8DE0E669C7}.Release|x86.Build.0 = Release|Any CPU
		{0517C974-3F2C-46AC-99A3-735088D45701}.Debug|Any CPU.ActiveCfg = Debug|Any CPU
		{0517C974-3F2C-46AC-99A3-735088D45701}.Debug|Any CPU.Build.0 = Debug|Any CPU
		{0517C974-3F2C-46AC-99A3-735088D45701}.Debug|x64.ActiveCfg = Debug|Any CPU
		{0517C974-3F2C-46AC-99A3-735088D45701}.Debug|x64.Build.0 = Debug|Any CPU
		{0517C974-3F2C-46AC-99A3-735088D45701}.Debug|x86.ActiveCfg = Debug|Any CPU
		{0517C974-3F2C-46AC-99A3-735088D45701}.Debug|x86.Build.0 = Debug|Any CPU
		{0517C974-3F2C-46AC-99A3-735088D45701}.Release|Any CPU.ActiveCfg = Release|Any CPU
		{0517C974-3F2C-46AC-99A3-735088D45701}.Release|Any CPU.Build.0 = Release|Any CPU
		{0517C974-3F2C-46AC-99A3-735088D45701}.Release|x64.ActiveCfg = Release|Any CPU
		{0517C974-3F2C-46AC-99A3-735088D45701}.Release|x64.Build.0 = Release|Any CPU
		{0517C974-3F2C-46AC-99A3-735088D45701}.Release|x86.ActiveCfg = Release|Any CPU
		{0517C974-3F2C-46AC-99A3-735088D45701}.Release|x86.Build.0 = Release|Any CPU
		{8A5617AE-ED37-480A-A4D2-EF99E209BB7F}.Debug|Any CPU.ActiveCfg = Debug|Any CPU
		{8A5617AE-ED37-480A-A4D2-EF99E209BB7F}.Debug|Any CPU.Build.0 = Debug|Any CPU
		{8A5617AE-ED37-480A-A4D2-EF99E209BB7F}.Debug|x64.ActiveCfg = Debug|Any CPU
		{8A5617AE-ED37-480A-A4D2-EF99E209BB7F}.Debug|x64.Build.0 = Debug|Any CPU
		{8A5617AE-ED37-480A-A4D2-EF99E209BB7F}.Debug|x86.ActiveCfg = Debug|Any CPU
		{8A5617AE-ED37-480A-A4D2-EF99E209BB7F}.Debug|x86.Build.0 = Debug|Any CPU
		{8A5617AE-ED37-480A-A4D2-EF99E209BB7F}.Release|Any CPU.ActiveCfg = Release|Any CPU
		{8A5617AE-ED37-480A-A4D2-EF99E209BB7F}.Release|Any CPU.Build.0 = Release|Any CPU
		{8A5617AE-ED37-480A-A4D2-EF99E209BB7F}.Release|x64.ActiveCfg = Release|Any CPU
		{8A5617AE-ED37-480A-A4D2-EF99E209BB7F}.Release|x64.Build.0 = Release|Any CPU
		{8A5617AE-ED37-480A-A4D2-EF99E209BB7F}.Release|x86.ActiveCfg = Release|Any CPU
		{8A5617AE-ED37-480A-A4D2-EF99E209BB7F}.Release|x86.Build.0 = Release|Any CPU
		{EEAD327E-0113-400B-9E0D-3DC8A36CA1C4}.Debug|Any CPU.ActiveCfg = Debug|Any CPU
		{EEAD327E-0113-400B-9E0D-3DC8A36CA1C4}.Debug|Any CPU.Build.0 = Debug|Any CPU
		{EEAD327E-0113-400B-9E0D-3DC8A36CA1C4}.Debug|x64.ActiveCfg = Debug|Any CPU
		{EEAD327E-0113-400B-9E0D-3DC8A36CA1C4}.Debug|x64.Build.0 = Debug|Any CPU
		{EEAD327E-0113-400B-9E0D-3DC8A36CA1C4}.Debug|x86.ActiveCfg = Debug|Any CPU
		{EEAD327E-0113-400B-9E0D-3DC8A36CA1C4}.Debug|x86.Build.0 = Debug|Any CPU
		{EEAD327E-0113-400B-9E0D-3DC8A36CA1C4}.Release|Any CPU.ActiveCfg = Release|Any CPU
		{EEAD327E-0113-400B-9E0D-3DC8A36CA1C4}.Release|Any CPU.Build.0 = Release|Any CPU
		{EEAD327E-0113-400B-9E0D-3DC8A36CA1C4}.Release|x64.ActiveCfg = Release|Any CPU
		{EEAD327E-0113-400B-9E0D-3DC8A36CA1C4}.Release|x64.Build.0 = Release|Any CPU
		{EEAD327E-0113-400B-9E0D-3DC8A36CA1C4}.Release|x86.ActiveCfg = Release|Any CPU
		{EEAD327E-0113-400B-9E0D-3DC8A36CA1C4}.Release|x86.Build.0 = Release|Any CPU
	EndGlobalSection
	GlobalSection(SolutionProperties) = preSolution
		HideSolutionNode = FALSE
	EndGlobalSection
	GlobalSection(ExtensibilityGlobals) = postSolution
		SolutionGuid = {5E811FDF-4688-40C6-A686-28539B96103C}
	EndGlobalSection
EndGlobal
