
Microsoft Visual Studio Solution File, Format Version 12.00
# Visual Studio Version 16
VisualStudioVersion = 16.0.28729.10
MinimumVisualStudioVersion = 10.0.40219.1
Project("{FAE04EC0-301F-11D3-BF4B-00C04F79EFBC}") = "_ServiceRH16", "_ServiceRH16.csproj", "{74B348BD-C20F-42DD-BC8B-7271FBF2F7D0}"
EndProject
Project("{FAE04EC0-301F-11D3-BF4B-00C04F79EFBC}") = "Data", "..\..\Data\Data.csproj", "{05E27F14-D92F-415D-B6AC-6EC2A28ACF98}"
EndProject
Project("{FAE04EC0-301F-11D3-BF4B-00C04F79EFBC}") = "DataDAL", "..\..\DataDAL\DataDAL.csproj", "{7372CB1E-D1A2-4021-813D-0D02C1271A8C}"
EndProject
Project("{FAE04EC0-301F-11D3-BF4B-00C04F79EFBC}") = "Meta", "..\..\Meta\Meta.csproj", "{9FF17C08-FFD4-40FB-A371-C5907B7B4D27}"
EndProject
Project("{FAE04EC0-301F-11D3-BF4B-00C04F79EFBC}") = "MetaDAL", "..\..\MetaDAL\MetaDAL.csproj", "{73194647-7254-44FE-86A1-97AAF2B47F88}"
EndProject
Project("{FAE04EC0-301F-11D3-BF4B-00C04F79EFBC}") = "Common", "..\..\Common\Common.csproj", "{31660004-130A-4001-A6D0-F8209EE3A3E6}"
EndProject
Project("{FAE04EC0-301F-11D3-BF4B-00C04F79EFBC}") = "DataP", "..\..\DataP\DataP.csproj", "{66CA86B9-31A3-45A4-BA10-99628678FA71}"
EndProject
Project("{FAE04EC0-301F-11D3-BF4B-00C04F79EFBC}") = "Sys", "..\..\Sys\Sys.csproj", "{D8026D66-63CD-40F2-B07A-224ABFA6AC5A}"
EndProject
Project("{FAE04EC0-301F-11D3-BF4B-00C04F79EFBC}") = "DataPBL", "..\..\DataPBL\DataPBL.csproj", "{3F29CE4D-8949-4D9D-AC7A-D3650D27D1C3}"
EndProject
Project("{FAE04EC0-301F-11D3-BF4B-00C04F79EFBC}") = "DataPDAL", "..\..\DataPDAL\DataPDAL.csproj", "{E82EBD52-ACB7-4B6D-BB18-04F691211A00}"
EndProject
Global
	GlobalSection(SolutionConfigurationPlatforms) = preSolution
		Debug|Any CPU = Debug|Any CPU
		Release|Any CPU = Release|Any CPU
	EndGlobalSection
	GlobalSection(ProjectConfigurationPlatforms) = postSolution
		{74B348BD-C20F-42DD-BC8B-7271FBF2F7D0}.Debug|Any CPU.ActiveCfg = Debug|Any CPU
		{74B348BD-C20F-42DD-BC8B-7271FBF2F7D0}.Debug|Any CPU.Build.0 = Debug|Any CPU
		{74B348BD-C20F-42DD-BC8B-7271FBF2F7D0}.Release|Any CPU.ActiveCfg = Release|Any CPU
		{74B348BD-C20F-42DD-BC8B-7271FBF2F7D0}.Release|Any CPU.Build.0 = Release|Any CPU
		{05E27F14-D92F-415D-B6AC-6EC2A28ACF98}.Debug|Any CPU.ActiveCfg = Debug|Any CPU
		{05E27F14-D92F-415D-B6AC-6EC2A28ACF98}.Debug|Any CPU.Build.0 = Debug|Any CPU
		{05E27F14-D92F-415D-B6AC-6EC2A28ACF98}.Release|Any CPU.ActiveCfg = Release|Any CPU
		{05E27F14-D92F-415D-B6AC-6EC2A28ACF98}.Release|Any CPU.Build.0 = Release|Any CPU
		{7372CB1E-D1A2-4021-813D-0D02C1271A8C}.Debug|Any CPU.ActiveCfg = Debug|Any CPU
		{7372CB1E-D1A2-4021-813D-0D02C1271A8C}.Debug|Any CPU.Build.0 = Debug|Any CPU
		{7372CB1E-D1A2-4021-813D-0D02C1271A8C}.Release|Any CPU.ActiveCfg = Release|Any CPU
		{7372CB1E-D1A2-4021-813D-0D02C1271A8C}.Release|Any CPU.Build.0 = Release|Any CPU
		{9FF17C08-FFD4-40FB-A371-C5907B7B4D27}.Debug|Any CPU.ActiveCfg = Debug|Any CPU
		{9FF17C08-FFD4-40FB-A371-C5907B7B4D27}.Debug|Any CPU.Build.0 = Debug|Any CPU
		{9FF17C08-FFD4-40FB-A371-C5907B7B4D27}.Release|Any CPU.ActiveCfg = Release|Any CPU
		{9FF17C08-FFD4-40FB-A371-C5907B7B4D27}.Release|Any CPU.Build.0 = Release|Any CPU
		{73194647-7254-44FE-86A1-97AAF2B47F88}.Debug|Any CPU.ActiveCfg = Debug|Any CPU
		{73194647-7254-44FE-86A1-97AAF2B47F88}.Debug|Any CPU.Build.0 = Debug|Any CPU
		{73194647-7254-44FE-86A1-97AAF2B47F88}.Release|Any CPU.ActiveCfg = Release|Any CPU
		{73194647-7254-44FE-86A1-97AAF2B47F88}.Release|Any CPU.Build.0 = Release|Any CPU
		{31660004-130A-4001-A6D0-F8209EE3A3E6}.Debug|Any CPU.ActiveCfg = Debug|Any CPU
		{31660004-130A-4001-A6D0-F8209EE3A3E6}.Debug|Any CPU.Build.0 = Debug|Any CPU
		{31660004-130A-4001-A6D0-F8209EE3A3E6}.Release|Any CPU.ActiveCfg = Release|Any CPU
		{31660004-130A-4001-A6D0-F8209EE3A3E6}.Release|Any CPU.Build.0 = Release|Any CPU
		{66CA86B9-31A3-45A4-BA10-99628678FA71}.Debug|Any CPU.ActiveCfg = Debug|Any CPU
		{66CA86B9-31A3-45A4-BA10-99628678FA71}.Debug|Any CPU.Build.0 = Debug|Any CPU
		{66CA86B9-31A3-45A4-BA10-99628678FA71}.Release|Any CPU.ActiveCfg = Release|Any CPU
		{66CA86B9-31A3-45A4-BA10-99628678FA71}.Release|Any CPU.Build.0 = Release|Any CPU
		{D8026D66-63CD-40F2-B07A-224ABFA6AC5A}.Debug|Any CPU.ActiveCfg = Debug|Any CPU
		{D8026D66-63CD-40F2-B07A-224ABFA6AC5A}.Debug|Any CPU.Build.0 = Debug|Any CPU
		{D8026D66-63CD-40F2-B07A-224ABFA6AC5A}.Release|Any CPU.ActiveCfg = Release|Any CPU
		{D8026D66-63CD-40F2-B07A-224ABFA6AC5A}.Release|Any CPU.Build.0 = Release|Any CPU
		{3F29CE4D-8949-4D9D-AC7A-D3650D27D1C3}.Debug|Any CPU.ActiveCfg = Debug|Any CPU
		{3F29CE4D-8949-4D9D-AC7A-D3650D27D1C3}.Debug|Any CPU.Build.0 = Debug|Any CPU
		{3F29CE4D-8949-4D9D-AC7A-D3650D27D1C3}.Release|Any CPU.ActiveCfg = Release|Any CPU
		{3F29CE4D-8949-4D9D-AC7A-D3650D27D1C3}.Release|Any CPU.Build.0 = Release|Any CPU
		{E82EBD52-ACB7-4B6D-BB18-04F691211A00}.Debug|Any CPU.ActiveCfg = Debug|Any CPU
		{E82EBD52-ACB7-4B6D-BB18-04F691211A00}.Debug|Any CPU.Build.0 = Debug|Any CPU
		{E82EBD52-ACB7-4B6D-BB18-04F691211A00}.Release|Any CPU.ActiveCfg = Release|Any CPU
		{E82EBD52-ACB7-4B6D-BB18-04F691211A00}.Release|Any CPU.Build.0 = Release|Any CPU
	EndGlobalSection
	GlobalSection(SolutionProperties) = preSolution
		HideSolutionNode = FALSE
	EndGlobalSection
	GlobalSection(ExtensibilityGlobals) = postSolution
		SolutionGuid = {88220D97-0977-4D1F-A127-0E2A3360BB4A}
	EndGlobalSection
EndGlobal
