
Microsoft Visual Studio Solution File, Format Version 12.00
# Visual Studio 2012
Project("{FAE04EC0-301F-11D3-BF4B-00C04F79EFBC}") = "Sakura.HCR", "HCR\Sakura.HCR.csproj", "{C3D0EC17-B31E-472C-8B2B-804496C11D72}"
EndProject
Project("{2150E333-8FDC-42A3-9474-1A3956D46DE8}") = "MS_SQL", "MS_SQL", "{454226FE-60EF-4751-A5CF-78BC13EB39F8}"
EndProject
Project("{FAE04EC0-301F-11D3-BF4B-00C04F79EFBC}") = "DbHmDic", "..\..\..\Sakura\Db\DbHmDic\DbHmDic.csproj", "{E8CA33D4-23C4-44D9-BB79-DBD96E79955A}"
EndProject
Project("{FAE04EC0-301F-11D3-BF4B-00C04F79EFBC}") = "DbHCR", "..\..\..\Sakura\Db\DbHCR\DbHCR.csproj", "{030823DA-A2F8-4428-A09D-20D0B75DD3B1}"
EndProject
Project("{FAE04EC0-301F-11D3-BF4B-00C04F79EFBC}") = "DbHmdCatalog", "..\..\..\Sakura\Db\DbHmdCatalog\DbHmdCatalog.csproj", "{80B3A76F-5970-4B68-815F-DBED6CDD5A4F}"
EndProject
Project("{FAE04EC0-301F-11D3-BF4B-00C04F79EFBC}") = "DbHmdicEntity", "..\..\..\Sakura\Db\DbHmdicEntity\DbHmdicEntity.csproj", "{1A1A6E6C-C712-43E5-B924-3B6BC593F56E}"
EndProject
Project("{FAE04EC0-301F-11D3-BF4B-00C04F79EFBC}") = "Common", "..\..\..\Sakura\Common\Common\Common.csproj", "{B2667863-2447-45D2-A82C-452624B24944}"
EndProject
Project("{2150E333-8FDC-42A3-9474-1A3956D46DE8}") = "Amur.Postgre", "Amur.Postgre", "{8943E689-0851-4FB9-B029-68D8747BF828}"
EndProject
Project("{FAE04EC0-301F-11D3-BF4B-00C04F79EFBC}") = "MetaDAL", "..\..\MetaDAL\MetaDAL.csproj", "{73194647-7254-44FE-86A1-97AAF2B47F88}"
EndProject
Project("{FAE04EC0-301F-11D3-BF4B-00C04F79EFBC}") = "Meta", "..\..\Meta\Meta.csproj", "{9FF17C08-FFD4-40FB-A371-C5907B7B4D27}"
EndProject
Project("{FAE04EC0-301F-11D3-BF4B-00C04F79EFBC}") = "Data", "..\..\Data\Data.csproj", "{38258D30-AE31-4A2B-A22B-65F39F136BFC}"
EndProject
Project("{FAE04EC0-301F-11D3-BF4B-00C04F79EFBC}") = "DataDAL", "..\..\DataDAL\DataDAL.csproj", "{7372CB1E-D1A2-4021-813D-0D02C1271A8C}"
EndProject
Project("{FAE04EC0-301F-11D3-BF4B-00C04F79EFBC}") = "Common", "..\..\Common\Common.csproj", "{31660004-130A-4001-A6D0-F8209EE3A3E6}"
EndProject
Project("{FAE04EC0-301F-11D3-BF4B-00C04F79EFBC}") = "ADbMSSql", "..\..\..\Sakura\Db\ADbMSSql\ADbMSSql.csproj", "{CCD6428E-8F65-4E41-BF7F-BCB8F7CEDC4F}"
EndProject
Global
	GlobalSection(SolutionConfigurationPlatforms) = preSolution
		Debug|Any CPU = Debug|Any CPU
		Release|Any CPU = Release|Any CPU
	EndGlobalSection
	GlobalSection(ProjectConfigurationPlatforms) = postSolution
		{C3D0EC17-B31E-472C-8B2B-804496C11D72}.Debug|Any CPU.ActiveCfg = Debug|Any CPU
		{C3D0EC17-B31E-472C-8B2B-804496C11D72}.Debug|Any CPU.Build.0 = Debug|Any CPU
		{C3D0EC17-B31E-472C-8B2B-804496C11D72}.Release|Any CPU.ActiveCfg = Release|Any CPU
		{C3D0EC17-B31E-472C-8B2B-804496C11D72}.Release|Any CPU.Build.0 = Release|Any CPU
		{E8CA33D4-23C4-44D9-BB79-DBD96E79955A}.Debug|Any CPU.ActiveCfg = Debug|Any CPU
		{E8CA33D4-23C4-44D9-BB79-DBD96E79955A}.Debug|Any CPU.Build.0 = Debug|Any CPU
		{E8CA33D4-23C4-44D9-BB79-DBD96E79955A}.Release|Any CPU.ActiveCfg = Release|Any CPU
		{E8CA33D4-23C4-44D9-BB79-DBD96E79955A}.Release|Any CPU.Build.0 = Release|Any CPU
		{030823DA-A2F8-4428-A09D-20D0B75DD3B1}.Debug|Any CPU.ActiveCfg = Debug|Any CPU
		{030823DA-A2F8-4428-A09D-20D0B75DD3B1}.Debug|Any CPU.Build.0 = Debug|Any CPU
		{030823DA-A2F8-4428-A09D-20D0B75DD3B1}.Release|Any CPU.ActiveCfg = Release|Any CPU
		{030823DA-A2F8-4428-A09D-20D0B75DD3B1}.Release|Any CPU.Build.0 = Release|Any CPU
		{80B3A76F-5970-4B68-815F-DBED6CDD5A4F}.Debug|Any CPU.ActiveCfg = Debug|Any CPU
		{80B3A76F-5970-4B68-815F-DBED6CDD5A4F}.Debug|Any CPU.Build.0 = Debug|Any CPU
		{80B3A76F-5970-4B68-815F-DBED6CDD5A4F}.Release|Any CPU.ActiveCfg = Release|Any CPU
		{80B3A76F-5970-4B68-815F-DBED6CDD5A4F}.Release|Any CPU.Build.0 = Release|Any CPU
		{1A1A6E6C-C712-43E5-B924-3B6BC593F56E}.Debug|Any CPU.ActiveCfg = Debug|Any CPU
		{1A1A6E6C-C712-43E5-B924-3B6BC593F56E}.Debug|Any CPU.Build.0 = Debug|Any CPU
		{1A1A6E6C-C712-43E5-B924-3B6BC593F56E}.Release|Any CPU.ActiveCfg = Release|Any CPU
		{1A1A6E6C-C712-43E5-B924-3B6BC593F56E}.Release|Any CPU.Build.0 = Release|Any CPU
		{B2667863-2447-45D2-A82C-452624B24944}.Debug|Any CPU.ActiveCfg = Debug|Any CPU
		{B2667863-2447-45D2-A82C-452624B24944}.Debug|Any CPU.Build.0 = Debug|Any CPU
		{B2667863-2447-45D2-A82C-452624B24944}.Release|Any CPU.ActiveCfg = Release|Any CPU
		{B2667863-2447-45D2-A82C-452624B24944}.Release|Any CPU.Build.0 = Release|Any CPU
		{73194647-7254-44FE-86A1-97AAF2B47F88}.Debug|Any CPU.ActiveCfg = Debug|Any CPU
		{73194647-7254-44FE-86A1-97AAF2B47F88}.Debug|Any CPU.Build.0 = Debug|Any CPU
		{73194647-7254-44FE-86A1-97AAF2B47F88}.Release|Any CPU.ActiveCfg = Release|Any CPU
		{73194647-7254-44FE-86A1-97AAF2B47F88}.Release|Any CPU.Build.0 = Release|Any CPU
		{9FF17C08-FFD4-40FB-A371-C5907B7B4D27}.Debug|Any CPU.ActiveCfg = Debug|Any CPU
		{9FF17C08-FFD4-40FB-A371-C5907B7B4D27}.Debug|Any CPU.Build.0 = Debug|Any CPU
		{9FF17C08-FFD4-40FB-A371-C5907B7B4D27}.Release|Any CPU.ActiveCfg = Release|Any CPU
		{9FF17C08-FFD4-40FB-A371-C5907B7B4D27}.Release|Any CPU.Build.0 = Release|Any CPU
		{38258D30-AE31-4A2B-A22B-65F39F136BFC}.Debug|Any CPU.ActiveCfg = Debug|Any CPU
		{38258D30-AE31-4A2B-A22B-65F39F136BFC}.Debug|Any CPU.Build.0 = Debug|Any CPU
		{38258D30-AE31-4A2B-A22B-65F39F136BFC}.Release|Any CPU.ActiveCfg = Release|Any CPU
		{38258D30-AE31-4A2B-A22B-65F39F136BFC}.Release|Any CPU.Build.0 = Release|Any CPU
		{7372CB1E-D1A2-4021-813D-0D02C1271A8C}.Debug|Any CPU.ActiveCfg = Debug|Any CPU
		{7372CB1E-D1A2-4021-813D-0D02C1271A8C}.Debug|Any CPU.Build.0 = Debug|Any CPU
		{7372CB1E-D1A2-4021-813D-0D02C1271A8C}.Release|Any CPU.ActiveCfg = Release|Any CPU
		{7372CB1E-D1A2-4021-813D-0D02C1271A8C}.Release|Any CPU.Build.0 = Release|Any CPU
		{31660004-130A-4001-A6D0-F8209EE3A3E6}.Debug|Any CPU.ActiveCfg = Debug|Any CPU
		{31660004-130A-4001-A6D0-F8209EE3A3E6}.Debug|Any CPU.Build.0 = Debug|Any CPU
		{31660004-130A-4001-A6D0-F8209EE3A3E6}.Release|Any CPU.ActiveCfg = Release|Any CPU
		{31660004-130A-4001-A6D0-F8209EE3A3E6}.Release|Any CPU.Build.0 = Release|Any CPU
		{CCD6428E-8F65-4E41-BF7F-BCB8F7CEDC4F}.Debug|Any CPU.ActiveCfg = Debug|Any CPU
		{CCD6428E-8F65-4E41-BF7F-BCB8F7CEDC4F}.Debug|Any CPU.Build.0 = Debug|Any CPU
		{CCD6428E-8F65-4E41-BF7F-BCB8F7CEDC4F}.Release|Any CPU.ActiveCfg = Release|Any CPU
		{CCD6428E-8F65-4E41-BF7F-BCB8F7CEDC4F}.Release|Any CPU.Build.0 = Release|Any CPU
	EndGlobalSection
	GlobalSection(SolutionProperties) = preSolution
		HideSolutionNode = FALSE
	EndGlobalSection
	GlobalSection(NestedProjects) = preSolution
		{E8CA33D4-23C4-44D9-BB79-DBD96E79955A} = {454226FE-60EF-4751-A5CF-78BC13EB39F8}
		{030823DA-A2F8-4428-A09D-20D0B75DD3B1} = {454226FE-60EF-4751-A5CF-78BC13EB39F8}
		{80B3A76F-5970-4B68-815F-DBED6CDD5A4F} = {454226FE-60EF-4751-A5CF-78BC13EB39F8}
		{1A1A6E6C-C712-43E5-B924-3B6BC593F56E} = {454226FE-60EF-4751-A5CF-78BC13EB39F8}
		{B2667863-2447-45D2-A82C-452624B24944} = {454226FE-60EF-4751-A5CF-78BC13EB39F8}
		{CCD6428E-8F65-4E41-BF7F-BCB8F7CEDC4F} = {454226FE-60EF-4751-A5CF-78BC13EB39F8}
		{73194647-7254-44FE-86A1-97AAF2B47F88} = {8943E689-0851-4FB9-B029-68D8747BF828}
		{9FF17C08-FFD4-40FB-A371-C5907B7B4D27} = {8943E689-0851-4FB9-B029-68D8747BF828}
		{38258D30-AE31-4A2B-A22B-65F39F136BFC} = {8943E689-0851-4FB9-B029-68D8747BF828}
		{7372CB1E-D1A2-4021-813D-0D02C1271A8C} = {8943E689-0851-4FB9-B029-68D8747BF828}
		{31660004-130A-4001-A6D0-F8209EE3A3E6} = {8943E689-0851-4FB9-B029-68D8747BF828}
	EndGlobalSection
EndGlobal
